<?xml version="1.0" encoding="utf-8"?>
<Project xmlns="http://schemas.microsoft.com/developer/msbuild/2003">
  <ItemGroup>
    <Filter Include="Form Files">
      <UniqueIdentifier>{99349809-55BA-4b9d-BF79-8FDBB0286EB3}</UniqueIdentifier>
      <Extensions>ui</Extensions>
      <ParseFiles>false</ParseFiles>
    </Filter>
    <Filter Include="Form Files">
      <UniqueIdentifier>{99349809-55BA-4b9d-BF79-8FDBB0286EB3}</UniqueIdentifier>
      <Extensions>ui</Extensions>
      <ParseFiles>false</ParseFiles>
    </Filter>
    <Filter Include="Generated Files">
      <UniqueIdentifier>{71ED8ED8-ACB9-4CE9-BBE1-E00B30144E11}</UniqueIdentifier>
      <Extensions>cpp;c;cxx;moc;h;def;odl;idl;res;</Extensions>
    </Filter>
    <Filter Include="Generated Files">
      <UniqueIdentifier>{71ED8ED8-ACB9-4CE9-BBE1-E00B30144E11}</UniqueIdentifier>
      <Extensions>cpp;c;cxx;moc;h;def;odl;idl;res;</Extensions>
    </Filter>
    <Filter Include="Header Files">
      <UniqueIdentifier>{93995380-89BD-4b04-88EB-625FBE52EBFB}</UniqueIdentifier>
      <Extensions>h;hpp;hxx;hm;inl;inc;xsd</Extensions>
    </Filter>
    <Filter Include="Header Files">
      <UniqueIdentifier>{93995380-89BD-4b04-88EB-625FBE52EBFB}</UniqueIdentifier>
      <Extensions>h;hpp;hxx;hm;inl;inc;xsd</Extensions>
    </Filter>
    <Filter Include="Source Files">
      <UniqueIdentifier>{4FC737F1-C7A5-4376-A066-2A32D752A2FF}</UniqueIdentifier>
      <Extensions>cpp;c;cxx;def;odl;idl;hpj;bat;asm;asmx</Extensions>
    </Filter>
    <Filter Include="Source Files">
      <UniqueIdentifier>{4FC737F1-C7A5-4376-A066-2A32D752A2FF}</UniqueIdentifier>
      <Extensions>cpp;c;cxx;def;odl;idl;hpj;bat;asm;asmx</Extensions>
    </Filter>
    <Filter Include="Resource Files">
      <UniqueIdentifier>{420770f0-cc67-4c19-af93-d000dc8e8697}</UniqueIdentifier>
    </Filter>
    <Filter Include="Controller">
      <UniqueIdentifier>{363abf57-4263-4c70-8a8b-4a957c07c2ee}</UniqueIdentifier>
    </Filter>
    <Filter Include="Controller\Header Files">
      <UniqueIdentifier>{afd17436-6b4a-49b8-aff9-325f9a13fe3d}</UniqueIdentifier>
    </Filter>
    <Filter Include="Controller\Source Files">
      <UniqueIdentifier>{2e9a9090-bc52-41ab-b05c-04764142f187}</UniqueIdentifier>
    </Filter>
    <Filter Include="Service">
      <UniqueIdentifier>{dcf46410-81fd-442e-a06e-e6e32843c9d6}</UniqueIdentifier>
    </Filter>
    <Filter Include="Service\Header Files">
      <UniqueIdentifier>{96eca6ec-1285-45b3-a44a-559362b6a386}</UniqueIdentifier>
    </Filter>
    <Filter Include="Service\Source Files">
      <UniqueIdentifier>{a9f42468-791d-4b13-b9b3-90ae65b75e19}</UniqueIdentifier>
    </Filter>
  </ItemGroup>
  <ItemGroup>
    <ClCompile Include="MainWindow.cpp">
      <Filter>Source Files</Filter>
    </ClCompile>
    <ClCompile Include="main.cpp">
      <Filter>Source Files</Filter>
    </ClCompile>
    <ClCompile Include="Gutter.cpp">
      <Filter>Resource Files</Filter>
    </ClCompile>
    <ClCompile Include="Columns.cpp">
      <Filter>Resource Files</Filter>
    </ClCompile>
    <ClCompile Include="BaseElement.cpp">
      <Filter>Resource Files</Filter>
    </ClCompile>
    <ClCompile Include="Margin.cpp">
      <Filter>Resource Files</Filter>
    </ClCompile>
    <ClCompile Include="CalculationController.cpp">
      <Filter>Controller\Source Files</Filter>
    </ClCompile>
    <ClCompile Include="CalculationService.cpp">
      <Filter>Service\Source Files</Filter>
    </ClCompile>
    <ClCompile Include="Width.cpp">
      <Filter>Resource Files</Filter>
    </ClCompile>
    <ClCompile Include="ResultValues.cpp">
      <Filter>Resource Files</Filter>
    </ClCompile>
  </ItemGroup>
  <ItemGroup>
    <QtMoc Include="MainWindow.h">
      <Filter>Header Files</Filter>
    </QtMoc>
  </ItemGroup>
  <ItemGroup>
    <CustomBuild Include="debug\moc_predefs.h.cbt">
      <Filter>Generated Files</Filter>
    </CustomBuild>
    <CustomBuild Include="release\moc_predefs.h.cbt">
      <Filter>Generated Files</Filter>
    </CustomBuild>
  </ItemGroup>
  <ItemGroup>
    <QtUic Include="MainWindow.ui">
      <Filter>Form Files</Filter>
    </QtUic>
  </ItemGroup>
  <ItemGroup>
    <ClInclude Include="Width.h">
      <Filter>Header Files</Filter>
    </ClInclude>
    <ClInclude Include="Margin.h">
      <Filter>Header Files</Filter>
    </ClInclude>
    <ClInclude Include="Gutter.h">
      <Filter>Header Files</Filter>
    </ClInclude>
    <ClInclude Include="Columns.h">
      <Filter>Header Files</Filter>
    </ClInclude>
    <ClInclude Include="BaseElement.h">
      <Filter>Header Files</Filter>
    </ClInclude>
    <ClInclude Include="CalculationController.h">
      <Filter>Controller\Header Files</Filter>
    </ClInclude>
    <ClInclude Include="CalculationService.h">
      <Filter>Service\Header Files</Filter>
    </ClInclude>
    <ClInclude Include="ResultValues.h">
      <Filter>Header Files</Filter>
    </ClInclude>
  </ItemGroup>
</Project>